
Microsoft Visual Studio Solution File, Format Version 12.00
# Visual Studio 15
VisualStudioVersion = 15.0.27703.2018
MinimumVisualStudioVersion = 10.0.40219.1
Project("{FAE04EC0-301F-11D3-BF4B-00C04F79EFBC}") = "WebApplication13", "WebApplication13\WebApplication13.csproj", "{7D2A94DE-B97E-46FD-BD15-E9A699DF6ACE}"
EndProject
Project("{E53339B2-1760-4266-BCC7-CA923CBCF16C}") = "docker-compose", "docker-compose.dcproj", "{FBBEA68A-9DC7-49B0-A773-156A00E2C054}"
EndProject
Global
	GlobalSection(SolutionConfigurationPlatforms) = preSolution
		Debug|Any CPU = Debug|Any CPU
		Release|Any CPU = Release|Any CPU
	EndGlobalSection
	GlobalSection(ProjectConfigurationPlatforms) = postSolution
		{7D2A94DE-B97E-46FD-BD15-E9A699DF6ACE}.Debug|Any CPU.ActiveCfg = Debug|Any CPU
		{7D2A94DE-B97E-46FD-BD15-E9A699DF6ACE}.Debug|Any CPU.Build.0 = Debug|Any CPU
		{7D2A94DE-B97E-46FD-BD15-E9A699DF6ACE}.Release|Any CPU.ActiveCfg = Release|Any CPU
		{7D2A94DE-B97E-46FD-BD15-E9A699DF6ACE}.Release|Any CPU.Build.0 = Release|Any CPU
		{FBBEA68A-9DC7-49B0-A773-156A00E2C054}.Debug|Any CPU.ActiveCfg = Debug|Any CPU
		{FBBEA68A-9DC7-49B0-A773-156A00E2C054}.Debug|Any CPU.Build.0 = Debug|Any CPU
		{FBBEA68A-9DC7-49B0-A773-156A00E2C054}.Release|Any CPU.ActiveCfg = Release|Any CPU
		{FBBEA68A-9DC7-49B0-A773-156A00E2C054}.Release|Any CPU.Build.0 = Release|Any CPU
	EndGlobalSection
	GlobalSection(SolutionProperties) = preSolution
		HideSolutionNode = FALSE
	EndGlobalSection
	GlobalSection(ExtensibilityGlobals) = postSolution
		SolutionGuid = {176FE0CA-DC7F-4680-BBD0-6C0E283B7976}
	EndGlobalSection
EndGlobal
